
Microsoft Visual Studio Solution File, Format Version 12.00
# Visual Studio 15
VisualStudioVersion = 15.0.28307.421
MinimumVisualStudioVersion = 10.0.40219.1
Project("{FAE04EC0-301F-11D3-BF4B-00C04F79EFBC}") = "AplikasiLatihanTiga3", "AplikasiLatihanTiga3\AplikasiLatihanTiga3.csproj", "{8802014A-C9A6-416F-9E6D-D5F7571C809E}"
EndProject
Global
	GlobalSection(SolutionConfigurationPlatforms) = preSolution
		Debug|Any CPU = Debug|Any CPU
		Release|Any CPU = Release|Any CPU
	EndGlobalSection
	GlobalSection(ProjectConfigurationPlatforms) = postSolution
		{8802014A-C9A6-416F-9E6D-D5F7571C809E}.Debug|Any CPU.ActiveCfg = Debug|Any CPU
		{8802014A-C9A6-416F-9E6D-D5F7571C809E}.Debug|Any CPU.Build.0 = Debug|Any CPU
		{8802014A-C9A6-416F-9E6D-D5F7571C809E}.Release|Any CPU.ActiveCfg = Release|Any CPU
		{8802014A-C9A6-416F-9E6D-D5F7571C809E}.Release|Any CPU.Build.0 = Release|Any CPU
	EndGlobalSection
	GlobalSection(SolutionProperties) = preSolution
		HideSolutionNode = FALSE
	EndGlobalSection
	GlobalSection(ExtensibilityGlobals) = postSolution
		SolutionGuid = {9D9E2D97-2BCA-414D-A92C-FEBFF1C581C3}
	EndGlobalSection
EndGlobal
